<?xml version="1.0" encoding="utf-8"?>
<Project ToolsVersion="4.0" xmlns="http://schemas.microsoft.com/developer/msbuild/2003">
  <ItemGroup>
    <Filter Include="Source Files">
      <UniqueIdentifier>{4FC737F1-C7A5-4376-A066-2A32D752A2FF}</UniqueIdentifier>
      <Extensions>cpp;c;cc;cxx;c++;cppm;ixx;def;odl;idl;hpj;bat;asm;asmx</Extensions>
    </Filter>
    <Filter Include="Header Files">
      <UniqueIdentifier>{93995380-89BD-4b04-88EB-625FBE52EBFB}</UniqueIdentifier>
      <Extensions>h;hh;hpp;hxx;h++;hm;inl;inc;ipp;xsd</Extensions>
    </Filter>
    <Filter Include="Resource Files">
      <UniqueIdentifier>{67DA6AB6-F800-4c08-8B7A-83BB121AAD01}</UniqueIdentifier>
      <Extensions>rc;ico;cur;bmp;dlg;rc2;rct;bin;rgs;gif;jpg;jpeg;jpe;resx;tiff;tif;png;wav;mfcribbon-ms</Extensions>
    </Filter>
  </ItemGroup>
  <ItemGroup>
    <ClInclude Include="Audio.h">
      <Filter>Header Files</Filter>
    </ClInclude>
    <ClInclude Include="AudioVisual.h">
      <Filter>Header Files</Filter>
    </ClInclude>
    <ClInclude Include="BASIC.h">
      <Filter>Header Files</Filter>
    </ClInclude>
    <ClInclude Include="FREE.h">
      <Filter>Header Files</Filter>
    </ClInclude>
    <ClInclude Include="Juegos.h">
      <Filter>Header Files</Filter>
    </ClInclude>
    <ClInclude Include="Paises.h">
      <Filter>Header Files</Filter>
    </ClInclude>
    <ClInclude Include="Plataforma.h">
      <Filter>Header Files</Filter>
    </ClInclude>
    <ClInclude Include="PREMIUM.h">
      <Filter>Header Files</Filter>
    </ClInclude>
    <ClInclude Include="RegistroAyV.h">
      <Filter>Header Files</Filter>
    </ClInclude>
    <ClInclude Include="RegistroJuegos.h">
      <Filter>Header Files</Filter>
    </ClInclude>
    <ClInclude Include="RegUsuarios.h">
      <Filter>Header Files</Filter>
    </ClInclude>
    <ClInclude Include="Servicios.h">
      <Filter>Header Files</Filter>
    </ClInclude>
    <ClInclude Include="Usuarios.h">
      <Filter>Header Files</Filter>
    </ClInclude>
    <ClInclude Include="Librerias.h">
      <Filter>Header Files</Filter>
    </ClInclude>
  </ItemGroup>
  <ItemGroup>
    <ClCompile Include="Audio.cpp">
      <Filter>Source Files</Filter>
    </ClCompile>
    <ClCompile Include="AudioVisual.cpp">
      <Filter>Source Files</Filter>
    </ClCompile>
    <ClCompile Include="BASIC.cpp">
      <Filter>Source Files</Filter>
    </ClCompile>
    <ClCompile Include="FREE.cpp">
      <Filter>Source Files</Filter>
    </ClCompile>
    <ClCompile Include="Juegos.cpp">
      <Filter>Source Files</Filter>
    </ClCompile>
    <ClCompile Include="Plataforma.cpp">
      <Filter>Source Files</Filter>
    </ClCompile>
    <ClCompile Include="PREMIUM.cpp">
      <Filter>Source Files</Filter>
    </ClCompile>
    <ClCompile Include="RegistroAyV.cpp">
      <Filter>Source Files</Filter>
    </ClCompile>
    <ClCompile Include="RegistroJuegos.cpp">
      <Filter>Source Files</Filter>
    </ClCompile>
    <ClCompile Include="RegUsuarios.cpp">
      <Filter>Source Files</Filter>
    </ClCompile>
    <ClCompile Include="Servicios.cpp">
      <Filter>Source Files</Filter>
    </ClCompile>
    <ClCompile Include="Usuarios.cpp">
      <Filter>Source Files</Filter>
    </ClCompile>
    <ClCompile Include="main.cpp">
      <Filter>Source Files</Filter>
    </ClCompile>
  </ItemGroup>
</Project>